PODS:
  - RxCocoa (3.0.1):
    - RxSwift (~> 3.0)
  - RxSwift (3.0.1)

DEPENDENCIES:
  - RxCocoa (~> 3.0.0)
  - RxSwift (~> 3.0.0)

SPEC CHECKSUMS:
  RxCocoa: 15a52fc590dcc700cb4a690a633b5c5184ce3a78
  RxSwift: af5680055c4ad04480189c52d28385b1029493a6

PODFILE CHECKSUM: 16719260abf85de263a4b9a47d082c2a8a55b6de

COCOAPODS: 1.1.1
